
Microsoft Visual Studio Solution File, Format Version 12.00
# Visual Studio Version 17
VisualStudioVersion = 17.12.35707.178 d17.12
MinimumVisualStudioVersion = 10.0.40219.1
Project("{FAE04EC0-301F-11D3-BF4B-00C04F79EFBC}") = "hw-15", "hw-15.csproj", "{FA9C5ED3-B579-4101-B8CB-1638FBB509A7}"
EndProject
Global
	GlobalSection(SolutionConfigurationPlatforms) = preSolution
		Debug|Any CPU = Debug|Any CPU
		Release|Any CPU = Release|Any CPU
	EndGlobalSection
	GlobalSection(ProjectConfigurationPlatforms) = postSolution
		{FA9C5ED3-B579-4101-B8CB-1638FBB509A7}.Debug|Any CPU.ActiveCfg = Debug|Any CPU
		{FA9C5ED3-B579-4101-B8CB-1638FBB509A7}.Debug|Any CPU.Build.0 = Debug|Any CPU
		{FA9C5ED3-B579-4101-B8CB-1638FBB509A7}.Release|Any CPU.ActiveCfg = Release|Any CPU
		{FA9C5ED3-B579-4101-B8CB-1638FBB509A7}.Release|Any CPU.Build.0 = Release|Any CPU
	EndGlobalSection
	GlobalSection(SolutionProperties) = preSolution
		HideSolutionNode = FALSE
	EndGlobalSection
EndGlobal
